
Microsoft Visual Studio Solution File, Format Version 12.00
# Visual Studio 15
VisualStudioVersion = 15.0.28010.2003
MinimumVisualStudioVersion = 10.0.40219.1
Project("{FAE04EC0-301F-11D3-BF4B-00C04F79EFBC}") = "Client", "Client\Client.csproj", "{5FF217CF-66FF-4661-8546-18C3EB5DE402}"
EndProject
Global
	GlobalSection(SolutionConfigurationPlatforms) = preSolution
		Debug|Any CPU = Debug|Any CPU
		Release|Any CPU = Release|Any CPU
	EndGlobalSection
	GlobalSection(ProjectConfigurationPlatforms) = postSolution
		{5FF217CF-66FF-4661-8546-18C3EB5DE402}.Debug|Any CPU.ActiveCfg = Debug|Any CPU
		{5FF217CF-66FF-4661-8546-18C3EB5DE402}.Debug|Any CPU.Build.0 = Debug|Any CPU
		{5FF217CF-66FF-4661-8546-18C3EB5DE402}.Release|Any CPU.ActiveCfg = Release|Any CPU
		{5FF217CF-66FF-4661-8546-18C3EB5DE402}.Release|Any CPU.Build.0 = Release|Any CPU
	EndGlobalSection
	GlobalSection(SolutionProperties) = preSolution
		HideSolutionNode = FALSE
	EndGlobalSection
	GlobalSection(ExtensibilityGlobals) = postSolution
		SolutionGuid = {0852A9DF-341D-4FCB-9FDD-43F671A262ED}
	EndGlobalSection
EndGlobal
